
Microsoft Visual Studio Solution File, Format Version 12.00
# Visual Studio 14
VisualStudioVersion = 14.0.23107.0
MinimumVisualStudioVersion = 10.0.40219.1
Project("{FAE04EC0-301F-11D3-BF4B-00C04F79EFBC}") = "LearnWebApiAuth.API", "LearnWebApiAuth.API\LearnWebApiAuth.API.csproj", "{D895174D-7A30-4981-BA8A-0A3168070767}"
EndProject
Project("{FAE04EC0-301F-11D3-BF4B-00C04F79EFBC}") = "WebApiAuth.Web", "WebApiAuth.Web\WebApiAuth.Web.csproj", "{0A045DCB-2F18-4433-9B6C-2F0B19A49D4F}"
EndProject
Global
	GlobalSection(SolutionConfigurationPlatforms) = preSolution
		Debug|Any CPU = Debug|Any CPU
		Release|Any CPU = Release|Any CPU
	EndGlobalSection
	GlobalSection(ProjectConfigurationPlatforms) = postSolution
		{D895174D-7A30-4981-BA8A-0A3168070767}.Debug|Any CPU.ActiveCfg = Debug|Any CPU
		{D895174D-7A30-4981-BA8A-0A3168070767}.Debug|Any CPU.Build.0 = Debug|Any CPU
		{D895174D-7A30-4981-BA8A-0A3168070767}.Release|Any CPU.ActiveCfg = Release|Any CPU
		{D895174D-7A30-4981-BA8A-0A3168070767}.Release|Any CPU.Build.0 = Release|Any CPU
		{0A045DCB-2F18-4433-9B6C-2F0B19A49D4F}.Debug|Any CPU.ActiveCfg = Debug|Any CPU
		{0A045DCB-2F18-4433-9B6C-2F0B19A49D4F}.Debug|Any CPU.Build.0 = Debug|Any CPU
		{0A045DCB-2F18-4433-9B6C-2F0B19A49D4F}.Release|Any CPU.ActiveCfg = Release|Any CPU
		{0A045DCB-2F18-4433-9B6C-2F0B19A49D4F}.Release|Any CPU.Build.0 = Release|Any CPU
	EndGlobalSection
	GlobalSection(SolutionProperties) = preSolution
		HideSolutionNode = FALSE
	EndGlobalSection
EndGlobal
